Microsoft Visual Studio Solution File, Format Version 11.00
# Visual Studio 2008

Project("{6824B254-0517-1412-88B7-DF595FC9C264}") = "NYU Maps", "Assembly-CSharp-firstpass.csproj", "{B3FF4FE1-ECC6-E817-41C0-53616AC54036}"
EndProject
Project("{6824B254-0517-1412-88B7-DF595FC9C264}") = "NYU Maps", "Assembly-CSharp.csproj", "{C77E54D6-2088-C06E-3E7A-397D57A02412}"
EndProject
Project("{6824B254-0517-1412-88B7-DF595FC9C264}") = "NYU Maps", "Assembly-CSharp-Editor-firstpass.csproj", "{57FD2D86-FF68-5837-FFB5-DDC232B578E5}"
EndProject
Project("{6824B254-0517-1412-88B7-DF595FC9C264}") = "NYU Maps", "Assembly-CSharp-Editor.csproj", "{08C06DAA-5A7A-BECB-E578-813CF28C560D}"
EndProject
Global
	GlobalSection(SolutionConfigurationPlatforms) = preSolution
		Debug|Any CPU = Debug|Any CPU
		Release|Any CPU = Release|Any CPU
	EndGlobalSection
	GlobalSection(ProjectConfigurationPlatforms) = postSolution
		{B3FF4FE1-ECC6-E817-41C0-53616AC54036}.Debug|Any CPU.ActiveCfg = Debug|Any CPU
		{B3FF4FE1-ECC6-E817-41C0-53616AC54036}.Debug|Any CPU.Build.0 = Debug|Any CPU
		{B3FF4FE1-ECC6-E817-41C0-53616AC54036}.Release|Any CPU.ActiveCfg = Release|Any CPU
		{B3FF4FE1-ECC6-E817-41C0-53616AC54036}.Release|Any CPU.Build.0 = Release|Any CPU
		{C77E54D6-2088-C06E-3E7A-397D57A02412}.Debug|Any CPU.ActiveCfg = Debug|Any CPU
		{C77E54D6-2088-C06E-3E7A-397D57A02412}.Debug|Any CPU.Build.0 = Debug|Any CPU
		{C77E54D6-2088-C06E-3E7A-397D57A02412}.Release|Any CPU.ActiveCfg = Release|Any CPU
		{C77E54D6-2088-C06E-3E7A-397D57A02412}.Release|Any CPU.Build.0 = Release|Any CPU
		{57FD2D86-FF68-5837-FFB5-DDC232B578E5}.Debug|Any CPU.ActiveCfg = Debug|Any CPU
		{57FD2D86-FF68-5837-FFB5-DDC232B578E5}.Debug|Any CPU.Build.0 = Debug|Any CPU
		{57FD2D86-FF68-5837-FFB5-DDC232B578E5}.Release|Any CPU.ActiveCfg = Release|Any CPU
		{57FD2D86-FF68-5837-FFB5-DDC232B578E5}.Release|Any CPU.Build.0 = Release|Any CPU
		{08C06DAA-5A7A-BECB-E578-813CF28C560D}.Debug|Any CPU.ActiveCfg = Debug|Any CPU
		{08C06DAA-5A7A-BECB-E578-813CF28C560D}.Debug|Any CPU.Build.0 = Debug|Any CPU
		{08C06DAA-5A7A-BECB-E578-813CF28C560D}.Release|Any CPU.ActiveCfg = Release|Any CPU
		{08C06DAA-5A7A-BECB-E578-813CF28C560D}.Release|Any CPU.Build.0 = Release|Any CPU
	EndGlobalSection
	GlobalSection(SolutionProperties) = preSolution
		HideSolutionNode = FALSE
	EndGlobalSection
																																																																																																																																																																																																																																																																																																																																																																																																																																								GlobalSection(MonoDevelopProperties) = preSolution
		StartupItem = Assembly-CSharp.csproj
		Policies = $0
		$0.TextStylePolicy = $1
		$1.inheritsSet = null
		$1.scope = text/x-csharp
		$0.CSharpFormattingPolicy = $2
		$2.inheritsSet = Mono
		$2.inheritsScope = text/x-csharp
		$2.scope = text/x-csharp
		$0.TextStylePolicy = $3
		$3.FileWidth = 120
		$3.TabWidth = 4
		$3.IndentWidth = 4
		$3.EolMarker = Unix
		$3.inheritsSet = Mono
		$3.inheritsScope = text/plain
		$3.scope = text/plain
	EndGlobalSection

EndGlobal
